
Microsoft Visual Studio Solution File, Format Version 12.00
# Visual Studio Version 16
VisualStudioVersion = 16.0.30717.126
MinimumVisualStudioVersion = 10.0.40219.1
Project("{FAE04EC0-301F-11D3-BF4B-00C04F79EFBC}") = "CarRentalSystem.Domein", "CarRentalSystem.Domein\CarRentalSystem.Domein.csproj", "{FD9D4729-D8CA-4C83-86D9-1F3C0D4A7186}"
EndProject
Global
	GlobalSection(SolutionConfigurationPlatforms) = preSolution
		Debug|Any CPU = Debug|Any CPU
		Release|Any CPU = Release|Any CPU
	EndGlobalSection
	GlobalSection(ProjectConfigurationPlatforms) = postSolution
		{FD9D4729-D8CA-4C83-86D9-1F3C0D4A7186}.Debug|Any CPU.ActiveCfg = Debug|Any CPU
		{FD9D4729-D8CA-4C83-86D9-1F3C0D4A7186}.Debug|Any CPU.Build.0 = Debug|Any CPU
		{FD9D4729-D8CA-4C83-86D9-1F3C0D4A7186}.Release|Any CPU.ActiveCfg = Release|Any CPU
		{FD9D4729-D8CA-4C83-86D9-1F3C0D4A7186}.Release|Any CPU.Build.0 = Release|Any CPU
	EndGlobalSection
	GlobalSection(SolutionProperties) = preSolution
		HideSolutionNode = FALSE
	EndGlobalSection
	GlobalSection(ExtensibilityGlobals) = postSolution
		SolutionGuid = {D7B8DD14-098E-4449-9E45-A9DE627E72A8}
	EndGlobalSection
EndGlobal
